# This file is autogenerated, do not edit; changes may be undone by the next 'dep ensure'.


[[projects]]
  branch = "master"
  name = "github.com/adjust/gocheck"
  packages = ["."]
  revision = "fbc315b36e0e7dc95023e96b43af5d8de58bc6fb"

[[projects]]
  branch = "master"
  name = "github.com/adjust/uniuri"
  packages = ["."]
  revision = "498743145e60c272b71d377c4e456335e4ef7524"

[[projects]]
  name = "github.com/go-redis/redis"
  packages = [
    ".",
    "internal",
    "internal/consistenthash",
    "internal/hashtag",
    "internal/pool",
    "internal/proto",
    "internal/singleflight",
    "internal/util"
  ]
  revision = "68362cfda1eeb3a69316e7bc00169a9a8de4823a"
  version = "v6.9.2"

[solve-meta]
  analyzer-name = "dep"
  analyzer-version = 1
  inputs-digest = "21a1c706629f90470e3bf4a31f2881dc639fd43fd9eadb7a674e339afd950be8"
  solver-name = "gps-cdcl"
  solver-version = 1
